
Microsoft Visual Studio Solution File, Format Version 12.00
# Visual Studio Version 17
VisualStudioVersion = 17.14.36518.9
MinimumVisualStudioVersion = 10.0.40219.1
Project("{FAE04EC0-301F-11D3-BF4B-00C04F79EFBC}") = "TripService.Api", "TripService.Api\TripService.Api.csproj", "{EB06143D-686E-46E8-AC22-748E5EC1A3E5}"
EndProject
Project("{FAE04EC0-301F-11D3-BF4B-00C04F79EFBC}") = "TripService.Infrastructure", "TripService.Infrastructure\TripService.Infrastructure.csproj", "{2A8B99F4-37B8-4A5E-B068-459BDA522EB8}"
EndProject
Project("{FAE04EC0-301F-11D3-BF4B-00C04F79EFBC}") = "TripService.Domain", "TripService.Domain\TripService.Domain.csproj", "{727B68CA-89FE-45BE-9EC6-DBC19838A17F}"
EndProject
Project("{FAE04EC0-301F-11D3-BF4B-00C04F79EFBC}") = "TripService.Application", "TripService.Application\TripService.Application.csproj", "{C5EDE0C8-04B5-4355-9C0F-DA9AE9256F96}"
EndProject
Project("{FAE04EC0-301F-11D3-BF4B-00C04F79EFBC}") = "Messaging.Contracts", "..\Message\Messaging.Contracts\Messaging.Contracts.csproj", "{503D8180-4654-67C6-CE04-ED791911EB88}"
EndProject
Project("{FAE04EC0-301F-11D3-BF4B-00C04F79EFBC}") = "Messaging.RabbitMQ", "..\Message\Messaging.RabbitMQ\Messaging.RabbitMQ.csproj", "{4778618A-EE5D-E2BD-91B6-A83B5604CAEE}"
EndProject
Global
	GlobalSection(SolutionConfigurationPlatforms) = preSolution
		Debug|Any CPU = Debug|Any CPU
		Release|Any CPU = Release|Any CPU
	EndGlobalSection
	GlobalSection(ProjectConfigurationPlatforms) = postSolution
		{EB06143D-686E-46E8-AC22-748E5EC1A3E5}.Debug|Any CPU.ActiveCfg = Debug|Any CPU
		{EB06143D-686E-46E8-AC22-748E5EC1A3E5}.Debug|Any CPU.Build.0 = Debug|Any CPU
		{EB06143D-686E-46E8-AC22-748E5EC1A3E5}.Release|Any CPU.ActiveCfg = Release|Any CPU
		{EB06143D-686E-46E8-AC22-748E5EC1A3E5}.Release|Any CPU.Build.0 = Release|Any CPU
		{2A8B99F4-37B8-4A5E-B068-459BDA522EB8}.Debug|Any CPU.ActiveCfg = Debug|Any CPU
		{2A8B99F4-37B8-4A5E-B068-459BDA522EB8}.Debug|Any CPU.Build.0 = Debug|Any CPU
		{2A8B99F4-37B8-4A5E-B068-459BDA522EB8}.Release|Any CPU.ActiveCfg = Release|Any CPU
		{2A8B99F4-37B8-4A5E-B068-459BDA522EB8}.Release|Any CPU.Build.0 = Release|Any CPU
		{727B68CA-89FE-45BE-9EC6-DBC19838A17F}.Debug|Any CPU.ActiveCfg = Debug|Any CPU
		{727B68CA-89FE-45BE-9EC6-DBC19838A17F}.Debug|Any CPU.Build.0 = Debug|Any CPU
		{727B68CA-89FE-45BE-9EC6-DBC19838A17F}.Release|Any CPU.ActiveCfg = Release|Any CPU
		{727B68CA-89FE-45BE-9EC6-DBC19838A17F}.Release|Any CPU.Build.0 = Release|Any CPU
		{C5EDE0C8-04B5-4355-9C0F-DA9AE9256F96}.Debug|Any CPU.ActiveCfg = Debug|Any CPU
		{C5EDE0C8-04B5-4355-9C0F-DA9AE9256F96}.Debug|Any CPU.Build.0 = Debug|Any CPU
		{C5EDE0C8-04B5-4355-9C0F-DA9AE9256F96}.Release|Any CPU.ActiveCfg = Release|Any CPU
		{C5EDE0C8-04B5-4355-9C0F-DA9AE9256F96}.Release|Any CPU.Build.0 = Release|Any CPU
		{503D8180-4654-67C6-CE04-ED791911EB88}.Debug|Any CPU.ActiveCfg = Debug|Any CPU
		{503D8180-4654-67C6-CE04-ED791911EB88}.Debug|Any CPU.Build.0 = Debug|Any CPU
		{503D8180-4654-67C6-CE04-ED791911EB88}.Release|Any CPU.ActiveCfg = Release|Any CPU
		{503D8180-4654-67C6-CE04-ED791911EB88}.Release|Any CPU.Build.0 = Release|Any CPU
		{4778618A-EE5D-E2BD-91B6-A83B5604CAEE}.Debug|Any CPU.ActiveCfg = Debug|Any CPU
		{4778618A-EE5D-E2BD-91B6-A83B5604CAEE}.Debug|Any CPU.Build.0 = Debug|Any CPU
		{4778618A-EE5D-E2BD-91B6-A83B5604CAEE}.Release|Any CPU.ActiveCfg = Release|Any CPU
		{4778618A-EE5D-E2BD-91B6-A83B5604CAEE}.Release|Any CPU.Build.0 = Release|Any CPU
	EndGlobalSection
	GlobalSection(SolutionProperties) = preSolution
		HideSolutionNode = FALSE
	EndGlobalSection
	GlobalSection(ExtensibilityGlobals) = postSolution
		SolutionGuid = {BFF94CFB-2892-4EAB-B3FC-CE20F7456FDE}
	EndGlobalSection
EndGlobal
