
Microsoft Visual Studio Solution File, Format Version 12.00
# Visual Studio Version 17
VisualStudioVersion = 17.14.36518.9
MinimumVisualStudioVersion = 10.0.40219.1
Project("{FAE04EC0-301F-11D3-BF4B-00C04F79EFBC}") = "UserService.Api", "UserService.Api\UserService.Api.csproj", "{7353752D-6DEF-4847-82F1-027DD460F745}"
EndProject
Project("{FAE04EC0-301F-11D3-BF4B-00C04F79EFBC}") = "UserService.Domain", "UserService.Domain\UserService.Domain.csproj", "{7057D391-F657-401D-8218-C5A5413CE1E5}"
EndProject
Global
	GlobalSection(SolutionConfigurationPlatforms) = preSolution
		Debug|Any CPU = Debug|Any CPU
		Release|Any CPU = Release|Any CPU
	EndGlobalSection
	GlobalSection(ProjectConfigurationPlatforms) = postSolution
		{7353752D-6DEF-4847-82F1-027DD460F745}.Debug|Any CPU.ActiveCfg = Debug|Any CPU
		{7353752D-6DEF-4847-82F1-027DD460F745}.Debug|Any CPU.Build.0 = Debug|Any CPU
		{7353752D-6DEF-4847-82F1-027DD460F745}.Release|Any CPU.ActiveCfg = Release|Any CPU
		{7353752D-6DEF-4847-82F1-027DD460F745}.Release|Any CPU.Build.0 = Release|Any CPU
		{7057D391-F657-401D-8218-C5A5413CE1E5}.Debug|Any CPU.ActiveCfg = Debug|Any CPU
		{7057D391-F657-401D-8218-C5A5413CE1E5}.Debug|Any CPU.Build.0 = Debug|Any CPU
		{7057D391-F657-401D-8218-C5A5413CE1E5}.Release|Any CPU.ActiveCfg = Release|Any CPU
		{7057D391-F657-401D-8218-C5A5413CE1E5}.Release|Any CPU.Build.0 = Release|Any CPU
	EndGlobalSection
	GlobalSection(SolutionProperties) = preSolution
		HideSolutionNode = FALSE
	EndGlobalSection
	GlobalSection(ExtensibilityGlobals) = postSolution
		SolutionGuid = {0F0C31B9-E355-4B1D-A804-D93A3EE177EF}
	EndGlobalSection
EndGlobal
