
Microsoft Visual Studio Solution File, Format Version 12.00
# Visual Studio Version 17
VisualStudioVersion = 17.14.36518.9
MinimumVisualStudioVersion = 10.0.40219.1
Project("{FAE04EC0-301F-11D3-BF4B-00C04F79EFBC}") = "Messaging.Contracts", "Messaging.Contracts\Messaging.Contracts.csproj", "{FCB268D5-21C7-4128-BD4A-70B66497A583}"
EndProject
Project("{FAE04EC0-301F-11D3-BF4B-00C04F79EFBC}") = "Messaging.RabbitMQ", "Messaging.RabbitMQ\Messaging.RabbitMQ.csproj", "{F2A7CB90-9419-4A5F-9C63-1751216439D9}"
EndProject
Global
	GlobalSection(SolutionConfigurationPlatforms) = preSolution
		Debug|Any CPU = Debug|Any CPU
		Release|Any CPU = Release|Any CPU
	EndGlobalSection
	GlobalSection(ProjectConfigurationPlatforms) = postSolution
		{FCB268D5-21C7-4128-BD4A-70B66497A583}.Debug|Any CPU.ActiveCfg = Debug|Any CPU
		{FCB268D5-21C7-4128-BD4A-70B66497A583}.Debug|Any CPU.Build.0 = Debug|Any CPU
		{FCB268D5-21C7-4128-BD4A-70B66497A583}.Release|Any CPU.ActiveCfg = Release|Any CPU
		{FCB268D5-21C7-4128-BD4A-70B66497A583}.Release|Any CPU.Build.0 = Release|Any CPU
		{F2A7CB90-9419-4A5F-9C63-1751216439D9}.Debug|Any CPU.ActiveCfg = Debug|Any CPU
		{F2A7CB90-9419-4A5F-9C63-1751216439D9}.Debug|Any CPU.Build.0 = Debug|Any CPU
		{F2A7CB90-9419-4A5F-9C63-1751216439D9}.Release|Any CPU.ActiveCfg = Release|Any CPU
		{F2A7CB90-9419-4A5F-9C63-1751216439D9}.Release|Any CPU.Build.0 = Release|Any CPU
	EndGlobalSection
	GlobalSection(SolutionProperties) = preSolution
		HideSolutionNode = FALSE
	EndGlobalSection
	GlobalSection(ExtensibilityGlobals) = postSolution
		SolutionGuid = {B6C6CA50-F552-4802-B9DE-365085FF9C6E}
	EndGlobalSection
EndGlobal
