
Microsoft Visual Studio Solution File, Format Version 12.00
# Visual Studio Version 17
VisualStudioVersion = 17.14.36518.9
MinimumVisualStudioVersion = 10.0.40219.1
Project("{FAE04EC0-301F-11D3-BF4B-00C04F79EFBC}") = "DriverService.Api", "DriverService.Api\DriverService.Api.csproj", "{744A0F5B-BB24-4446-B760-50ED1C96133E}"
EndProject
Project("{FAE04EC0-301F-11D3-BF4B-00C04F79EFBC}") = "DriverService.Application", "DriverService.Application\DriverService.Application.csproj", "{F573D397-C45E-4D3E-ABC4-D016F5D775BA}"
EndProject
Project("{FAE04EC0-301F-11D3-BF4B-00C04F79EFBC}") = "DriverService.Domain", "DriverService.Domain\DriverService.Domain.csproj", "{58D2A7EB-1E5F-43D5-AFA1-7FF8097EB67C}"
EndProject
Project("{FAE04EC0-301F-11D3-BF4B-00C04F79EFBC}") = "DriverService.Infrastructure", "DriverService.Infrastructure\DriverService.Infrastructure.csproj", "{65292C7E-ACFF-4216-B78F-DED0DA81A645}"
EndProject
Project("{FAE04EC0-301F-11D3-BF4B-00C04F79EFBC}") = "Shared", "..\Shared\Shared\Shared.csproj", "{626B1D52-BBD1-11BC-B02F-BAA61CE5EAB1}"
EndProject
Project("{FAE04EC0-301F-11D3-BF4B-00C04F79EFBC}") = "Messaging.Contracts", "..\Message\Messaging.Contracts\Messaging.Contracts.csproj", "{503D8180-4654-67C6-CE04-ED791911EB88}"
EndProject
Project("{FAE04EC0-301F-11D3-BF4B-00C04F79EFBC}") = "Messaging.RabbitMQ", "..\Message\Messaging.RabbitMQ\Messaging.RabbitMQ.csproj", "{4778618A-EE5D-E2BD-91B6-A83B5604CAEE}"
EndProject
Global
	GlobalSection(SolutionConfigurationPlatforms) = preSolution
		Debug|Any CPU = Debug|Any CPU
		Release|Any CPU = Release|Any CPU
	EndGlobalSection
	GlobalSection(ProjectConfigurationPlatforms) = postSolution
		{744A0F5B-BB24-4446-B760-50ED1C96133E}.Debug|Any CPU.ActiveCfg = Debug|Any CPU
		{744A0F5B-BB24-4446-B760-50ED1C96133E}.Debug|Any CPU.Build.0 = Debug|Any CPU
		{744A0F5B-BB24-4446-B760-50ED1C96133E}.Release|Any CPU.ActiveCfg = Release|Any CPU
		{744A0F5B-BB24-4446-B760-50ED1C96133E}.Release|Any CPU.Build.0 = Release|Any CPU
		{F573D397-C45E-4D3E-ABC4-D016F5D775BA}.Debug|Any CPU.ActiveCfg = Debug|Any CPU
		{F573D397-C45E-4D3E-ABC4-D016F5D775BA}.Debug|Any CPU.Build.0 = Debug|Any CPU
		{F573D397-C45E-4D3E-ABC4-D016F5D775BA}.Release|Any CPU.ActiveCfg = Release|Any CPU
		{F573D397-C45E-4D3E-ABC4-D016F5D775BA}.Release|Any CPU.Build.0 = Release|Any CPU
		{58D2A7EB-1E5F-43D5-AFA1-7FF8097EB67C}.Debug|Any CPU.ActiveCfg = Debug|Any CPU
		{58D2A7EB-1E5F-43D5-AFA1-7FF8097EB67C}.Debug|Any CPU.Build.0 = Debug|Any CPU
		{58D2A7EB-1E5F-43D5-AFA1-7FF8097EB67C}.Release|Any CPU.ActiveCfg = Release|Any CPU
		{58D2A7EB-1E5F-43D5-AFA1-7FF8097EB67C}.Release|Any CPU.Build.0 = Release|Any CPU
		{65292C7E-ACFF-4216-B78F-DED0DA81A645}.Debug|Any CPU.ActiveCfg = Debug|Any CPU
		{65292C7E-ACFF-4216-B78F-DED0DA81A645}.Debug|Any CPU.Build.0 = Debug|Any CPU
		{65292C7E-ACFF-4216-B78F-DED0DA81A645}.Release|Any CPU.ActiveCfg = Release|Any CPU
		{65292C7E-ACFF-4216-B78F-DED0DA81A645}.Release|Any CPU.Build.0 = Release|Any CPU
		{503D8180-4654-67C6-CE04-ED791911EB88}.Debug|Any CPU.ActiveCfg = Debug|Any CPU
		{503D8180-4654-67C6-CE04-ED791911EB88}.Debug|Any CPU.Build.0 = Debug|Any CPU
		{503D8180-4654-67C6-CE04-ED791911EB88}.Release|Any CPU.ActiveCfg = Release|Any CPU
		{503D8180-4654-67C6-CE04-ED791911EB88}.Release|Any CPU.Build.0 = Release|Any CPU
		{4778618A-EE5D-E2BD-91B6-A83B5604CAEE}.Debug|Any CPU.ActiveCfg = Debug|Any CPU
		{4778618A-EE5D-E2BD-91B6-A83B5604CAEE}.Debug|Any CPU.Build.0 = Debug|Any CPU
		{4778618A-EE5D-E2BD-91B6-A83B5604CAEE}.Release|Any CPU.ActiveCfg = Release|Any CPU
		{4778618A-EE5D-E2BD-91B6-A83B5604CAEE}.Release|Any CPU.Build.0 = Release|Any CPU
		{626B1D52-BBD1-11BC-B02F-BAA61CE5EAB1}.Debug|Any CPU.ActiveCfg = Debug|Any CPU
		{626B1D52-BBD1-11BC-B02F-BAA61CE5EAB1}.Debug|Any CPU.Build.0 = Debug|Any CPU
		{626B1D52-BBD1-11BC-B02F-BAA61CE5EAB1}.Release|Any CPU.ActiveCfg = Release|Any CPU
		{626B1D52-BBD1-11BC-B02F-BAA61CE5EAB1}.Release|Any CPU.Build.0 = Release|Any CPU
	EndGlobalSection
	GlobalSection(SolutionProperties) = preSolution
		HideSolutionNode = FALSE
	EndGlobalSection
	GlobalSection(ExtensibilityGlobals) = postSolution
		SolutionGuid = {1C9C4761-C651-42DC-BD3E-6CC79B5FA2D5}
	EndGlobalSection
EndGlobal
